
Microsoft Visual Studio Solution File, Format Version 12.00
# Visual Studio Version 17
VisualStudioVersion = 17.9.34728.123
MinimumVisualStudioVersion = 10.0.40219.1
Project("{9A19103F-16F7-4668-BE54-9A1E7A4F7556}") = "APIs", "APIs\APIs.csproj", "{C6B65A4F-1175-4ABF-8A3C-1668ACA6DD99}"
EndProject
Project("{9A19103F-16F7-4668-BE54-9A1E7A4F7556}") = "Constants", "Constants\Constants.csproj", "{7588C343-4902-4D8C-A24B-84D9870948F4}"
EndProject
Project("{9A19103F-16F7-4668-BE54-9A1E7A4F7556}") = "Data", "Data\Data.csproj", "{43AC3436-9F57-444C-BD3D-D46325D22A6A}"
EndProject
Project("{9A19103F-16F7-4668-BE54-9A1E7A4F7556}") = "Services", "Services\Services.csproj", "{DD0CB753-B6ED-466A-AD87-22B694BE543A}"
EndProject
Project("{9A19103F-16F7-4668-BE54-9A1E7A4F7556}") = "Utils", "Utils\Utils.csproj", "{70A8C1DC-709E-42FD-BF1C-0CBD6EF67A5E}"
EndProject
Global
	GlobalSection(SolutionConfigurationPlatforms) = preSolution
		Debug|Any CPU = Debug|Any CPU
		Release|Any CPU = Release|Any CPU
	EndGlobalSection
	GlobalSection(ProjectConfigurationPlatforms) = postSolution
		{C6B65A4F-1175-4ABF-8A3C-1668ACA6DD99}.Debug|Any CPU.ActiveCfg = Debug|Any CPU
		{C6B65A4F-1175-4ABF-8A3C-1668ACA6DD99}.Debug|Any CPU.Build.0 = Debug|Any CPU
		{C6B65A4F-1175-4ABF-8A3C-1668ACA6DD99}.Release|Any CPU.ActiveCfg = Release|Any CPU
		{C6B65A4F-1175-4ABF-8A3C-1668ACA6DD99}.Release|Any CPU.Build.0 = Release|Any CPU
		{7588C343-4902-4D8C-A24B-84D9870948F4}.Debug|Any CPU.ActiveCfg = Debug|Any CPU
		{7588C343-4902-4D8C-A24B-84D9870948F4}.Debug|Any CPU.Build.0 = Debug|Any CPU
		{7588C343-4902-4D8C-A24B-84D9870948F4}.Release|Any CPU.ActiveCfg = Release|Any CPU
		{7588C343-4902-4D8C-A24B-84D9870948F4}.Release|Any CPU.Build.0 = Release|Any CPU
		{43AC3436-9F57-444C-BD3D-D46325D22A6A}.Debug|Any CPU.ActiveCfg = Debug|Any CPU
		{43AC3436-9F57-444C-BD3D-D46325D22A6A}.Debug|Any CPU.Build.0 = Debug|Any CPU
		{43AC3436-9F57-444C-BD3D-D46325D22A6A}.Release|Any CPU.ActiveCfg = Release|Any CPU
		{43AC3436-9F57-444C-BD3D-D46325D22A6A}.Release|Any CPU.Build.0 = Release|Any CPU
		{DD0CB753-B6ED-466A-AD87-22B694BE543A}.Debug|Any CPU.ActiveCfg = Debug|Any CPU
		{DD0CB753-B6ED-466A-AD87-22B694BE543A}.Debug|Any CPU.Build.0 = Debug|Any CPU
		{DD0CB753-B6ED-466A-AD87-22B694BE543A}.Release|Any CPU.ActiveCfg = Release|Any CPU
		{DD0CB753-B6ED-466A-AD87-22B694BE543A}.Release|Any CPU.Build.0 = Release|Any CPU
		{70A8C1DC-709E-42FD-BF1C-0CBD6EF67A5E}.Debug|Any CPU.ActiveCfg = Debug|Any CPU
		{70A8C1DC-709E-42FD-BF1C-0CBD6EF67A5E}.Debug|Any CPU.Build.0 = Debug|Any CPU
		{70A8C1DC-709E-42FD-BF1C-0CBD6EF67A5E}.Release|Any CPU.ActiveCfg = Release|Any CPU
		{70A8C1DC-709E-42FD-BF1C-0CBD6EF67A5E}.Release|Any CPU.Build.0 = Release|Any CPU
	EndGlobalSection
	GlobalSection(SolutionProperties) = preSolution
		HideSolutionNode = FALSE
	EndGlobalSection
	GlobalSection(ExtensibilityGlobals) = postSolution
		SolutionGuid = {5B4883E0-030C-4515-AF30-CDABEA8BAA17}
	EndGlobalSection
EndGlobal
